
Microsoft Visual Studio Solution File, Format Version 11.00
# Visual Studio 2010
Project("{FAE04EC0-301F-11D3-BF4B-00C04F79EFBC}") = "biliard", "Assembly-CSharp.csproj", "{9BD29EEF-9FCA-ABB6-34E2-901C04618AEB}"
EndProject
Global
	GlobalSection(SolutionConfigurationPlatforms) = preSolution
		Debug|Any CPU = Debug|Any CPU
		Release|Any CPU = Release|Any CPU
	EndGlobalSection
	GlobalSection(ProjectConfigurationPlatforms) = postSolution
		{9BD29EEF-9FCA-ABB6-34E2-901C04618AEB}.Debug|Any CPU.ActiveCfg = Debug|Any CPU
		{9BD29EEF-9FCA-ABB6-34E2-901C04618AEB}.Debug|Any CPU.Build.0 = Debug|Any CPU
		{9BD29EEF-9FCA-ABB6-34E2-901C04618AEB}.Release|Any CPU.ActiveCfg = Release|Any CPU
		{9BD29EEF-9FCA-ABB6-34E2-901C04618AEB}.Release|Any CPU.Build.0 = Release|Any CPU
	EndGlobalSection
	GlobalSection(SolutionProperties) = preSolution
		HideSolutionNode = FALSE
	EndGlobalSection
	GlobalSection(MonoDevelopProperties) = preSolution
		StartupItem = Assembly-CSharp.csproj
	EndGlobalSection
EndGlobal
